
Microsoft Visual Studio Solution File, Format Version 12.00
# Visual Studio Version 17
VisualStudioVersion = 17.10.34916.146
MinimumVisualStudioVersion = 10.0.40219.1
Project("{9A19103F-16F7-4668-BE54-9A1E7A4F7556}") = "SpecFlowTestSuite", "SpecFlowProject1\SpecFlowTestSuite.csproj", "{CC844419-F69B-4A70-AA6D-EAB22A2F696B}"
EndProject
Project("{9A19103F-16F7-4668-BE54-9A1E7A4F7556}") = "PageObjectModel", "PageObjectModel\PageObjectModel.csproj", "{D30A52FC-1CF6-4EF5-A91E-589E717A9921}"
EndProject
Project("{9A19103F-16F7-4668-BE54-9A1E7A4F7556}") = "AutomationFrameworkUtilities", "FrameworkLayer\AutomationFrameworkUtilities.csproj", "{958B7E16-0AFD-44B6-B92C-0A12D08ABBBA}"
EndProject
Global
	GlobalSection(SolutionConfigurationPlatforms) = preSolution
		Debug|Any CPU = Debug|Any CPU
		Release|Any CPU = Release|Any CPU
	EndGlobalSection
	GlobalSection(ProjectConfigurationPlatforms) = postSolution
		{CC844419-F69B-4A70-AA6D-EAB22A2F696B}.Debug|Any CPU.ActiveCfg = Debug|Any CPU
		{CC844419-F69B-4A70-AA6D-EAB22A2F696B}.Debug|Any CPU.Build.0 = Debug|Any CPU
		{CC844419-F69B-4A70-AA6D-EAB22A2F696B}.Release|Any CPU.ActiveCfg = Release|Any CPU
		{CC844419-F69B-4A70-AA6D-EAB22A2F696B}.Release|Any CPU.Build.0 = Release|Any CPU
		{D30A52FC-1CF6-4EF5-A91E-589E717A9921}.Debug|Any CPU.ActiveCfg = Debug|Any CPU
		{D30A52FC-1CF6-4EF5-A91E-589E717A9921}.Debug|Any CPU.Build.0 = Debug|Any CPU
		{D30A52FC-1CF6-4EF5-A91E-589E717A9921}.Release|Any CPU.ActiveCfg = Release|Any CPU
		{D30A52FC-1CF6-4EF5-A91E-589E717A9921}.Release|Any CPU.Build.0 = Release|Any CPU
		{958B7E16-0AFD-44B6-B92C-0A12D08ABBBA}.Debug|Any CPU.ActiveCfg = Debug|Any CPU
		{958B7E16-0AFD-44B6-B92C-0A12D08ABBBA}.Debug|Any CPU.Build.0 = Debug|Any CPU
		{958B7E16-0AFD-44B6-B92C-0A12D08ABBBA}.Release|Any CPU.ActiveCfg = Release|Any CPU
		{958B7E16-0AFD-44B6-B92C-0A12D08ABBBA}.Release|Any CPU.Build.0 = Release|Any CPU
	EndGlobalSection
	GlobalSection(SolutionProperties) = preSolution
		HideSolutionNode = FALSE
	EndGlobalSection
	GlobalSection(ExtensibilityGlobals) = postSolution
		SolutionGuid = {BBD43031-BFFA-4925-B771-35585CF9BB93}
	EndGlobalSection
EndGlobal
